
Microsoft Visual Studio Solution File, Format Version 12.00
# Visual Studio 15
VisualStudioVersion = 15.0.26124.0
MinimumVisualStudioVersion = 15.0.26124.0
Project("{FAE04EC0-301F-11D3-BF4B-00C04F79EFBC}") = "mvc-web-app", "mvc-web-app\mvc-web-app.csproj", "{823E167B-5312-464A-B82A-A49CC25E64E9}"
EndProject
Project("{FAE04EC0-301F-11D3-BF4B-00C04F79EFBC}") = "mywebapi", "mywebapi\mywebapi.csproj", "{5AB69FC6-B1E6-4D93-A8CD-26A376EE4D48}"
EndProject
Global
	GlobalSection(SolutionConfigurationPlatforms) = preSolution
		Debug|Any CPU = Debug|Any CPU
		Debug|x64 = Debug|x64
		Debug|x86 = Debug|x86
		Release|Any CPU = Release|Any CPU
		Release|x64 = Release|x64
		Release|x86 = Release|x86
	EndGlobalSection
	GlobalSection(SolutionProperties) = preSolution
		HideSolutionNode = FALSE
	EndGlobalSection
	GlobalSection(ProjectConfigurationPlatforms) = postSolution
		{823E167B-5312-464A-B82A-A49CC25E64E9}.Debug|Any CPU.ActiveCfg = Debug|Any CPU
		{823E167B-5312-464A-B82A-A49CC25E64E9}.Debug|Any CPU.Build.0 = Debug|Any CPU
		{823E167B-5312-464A-B82A-A49CC25E64E9}.Debug|x64.ActiveCfg = Debug|Any CPU
		{823E167B-5312-464A-B82A-A49CC25E64E9}.Debug|x64.Build.0 = Debug|Any CPU
		{823E167B-5312-464A-B82A-A49CC25E64E9}.Debug|x86.ActiveCfg = Debug|Any CPU
		{823E167B-5312-464A-B82A-A49CC25E64E9}.Debug|x86.Build.0 = Debug|Any CPU
		{823E167B-5312-464A-B82A-A49CC25E64E9}.Release|Any CPU.ActiveCfg = Release|Any CPU
		{823E167B-5312-464A-B82A-A49CC25E64E9}.Release|Any CPU.Build.0 = Release|Any CPU
		{823E167B-5312-464A-B82A-A49CC25E64E9}.Release|x64.ActiveCfg = Release|Any CPU
		{823E167B-5312-464A-B82A-A49CC25E64E9}.Release|x64.Build.0 = Release|Any CPU
		{823E167B-5312-464A-B82A-A49CC25E64E9}.Release|x86.ActiveCfg = Release|Any CPU
		{823E167B-5312-464A-B82A-A49CC25E64E9}.Release|x86.Build.0 = Release|Any CPU
		{5AB69FC6-B1E6-4D93-A8CD-26A376EE4D48}.Debug|Any CPU.ActiveCfg = Debug|Any CPU
		{5AB69FC6-B1E6-4D93-A8CD-26A376EE4D48}.Debug|Any CPU.Build.0 = Debug|Any CPU
		{5AB69FC6-B1E6-4D93-A8CD-26A376EE4D48}.Debug|x64.ActiveCfg = Debug|Any CPU
		{5AB69FC6-B1E6-4D93-A8CD-26A376EE4D48}.Debug|x64.Build.0 = Debug|Any CPU
		{5AB69FC6-B1E6-4D93-A8CD-26A376EE4D48}.Debug|x86.ActiveCfg = Debug|Any CPU
		{5AB69FC6-B1E6-4D93-A8CD-26A376EE4D48}.Debug|x86.Build.0 = Debug|Any CPU
		{5AB69FC6-B1E6-4D93-A8CD-26A376EE4D48}.Release|Any CPU.ActiveCfg = Release|Any CPU
		{5AB69FC6-B1E6-4D93-A8CD-26A376EE4D48}.Release|Any CPU.Build.0 = Release|Any CPU
		{5AB69FC6-B1E6-4D93-A8CD-26A376EE4D48}.Release|x64.ActiveCfg = Release|Any CPU
		{5AB69FC6-B1E6-4D93-A8CD-26A376EE4D48}.Release|x64.Build.0 = Release|Any CPU
		{5AB69FC6-B1E6-4D93-A8CD-26A376EE4D48}.Release|x86.ActiveCfg = Release|Any CPU
		{5AB69FC6-B1E6-4D93-A8CD-26A376EE4D48}.Release|x86.Build.0 = Release|Any CPU
	EndGlobalSection
EndGlobal
